{
  "name": "bcrypt-inzi",
  "version": "1.0.7",
  "lockfileVersion": 3,
  "requires": true,
  "packages": {
    "": {
      "name": "bcrypt-inzi",
      "version": "1.0.7",
      "license": "ISC",
      "dependencies": {
        "bcrypt-nodejs": "0.0.3"
      },
      "devDependencies": {}
    },
    "node_modules/bcrypt-nodejs": {
      "version": "0.0.3",
      "resolved": "https://registry.npmjs.org/bcrypt-nodejs/-/bcrypt-nodejs-0.0.3.tgz",
      "integrity": "sha512-NmTbLm867btBHCBZ222FQXkQKzecB0KG6pTXFa6NeTVZaSnLfCsx7EK2PL3J+kX8xJThUquEBbhimRCKKZX9zA==",
      "deprecated": "bcrypt-nodejs is no longer actively maintained. Please use bcrypt or bcryptjs. See https://github.com/kelektiv/node.bcrypt.js/wiki/bcrypt-vs-brypt.js to learn more about these two options"
    }
  }
}
